
Microsoft Visual Studio Solution File, Format Version 12.00
# Visual Studio Version 16
VisualStudioVersion = 16.0.31911.196
MinimumVisualStudioVersion = 10.0.40219.1
Project("{9A19103F-16F7-4668-BE54-9A1E7A4F7556}") = "OOP", "OOP.prj\OOP.csproj", "{EAF97E19-D2C0-48D5-82BE-3C06255632BE}"
EndProject
Project("{9A19103F-16F7-4668-BE54-9A1E7A4F7556}") = "OOP.Shapes", "OOP.Shapes.prj\OOP.Shapes.csproj", "{59044866-8847-4B93-BBC2-A13DD6AD994A}"
EndProject
Project("{FAE04EC0-301F-11D3-BF4B-00C04F79EFBC}") = "OOP.Vehicles", "OOP.Vehicles\OOP.Vehicles.csproj", "{BF82856A-D952-4456-A07A-0D23ED35D86A}"
EndProject
Project("{FAE04EC0-301F-11D3-BF4B-00C04F79EFBC}") = "OOP.Vehicles.Tests", "OOP.Vehicles.Tests\OOP.Vehicles.Tests.csproj", "{2637C67C-0C69-4C7F-A917-803250D150DB}"
EndProject
Global
	GlobalSection(SolutionConfigurationPlatforms) = preSolution
		Debug|Any CPU = Debug|Any CPU
		Release|Any CPU = Release|Any CPU
	EndGlobalSection
	GlobalSection(ProjectConfigurationPlatforms) = postSolution
		{EAF97E19-D2C0-48D5-82BE-3C06255632BE}.Debug|Any CPU.ActiveCfg = Debug|Any CPU
		{EAF97E19-D2C0-48D5-82BE-3C06255632BE}.Debug|Any CPU.Build.0 = Debug|Any CPU
		{EAF97E19-D2C0-48D5-82BE-3C06255632BE}.Release|Any CPU.ActiveCfg = Release|Any CPU
		{EAF97E19-D2C0-48D5-82BE-3C06255632BE}.Release|Any CPU.Build.0 = Release|Any CPU
		{59044866-8847-4B93-BBC2-A13DD6AD994A}.Debug|Any CPU.ActiveCfg = Debug|Any CPU
		{59044866-8847-4B93-BBC2-A13DD6AD994A}.Debug|Any CPU.Build.0 = Debug|Any CPU
		{59044866-8847-4B93-BBC2-A13DD6AD994A}.Release|Any CPU.ActiveCfg = Release|Any CPU
		{59044866-8847-4B93-BBC2-A13DD6AD994A}.Release|Any CPU.Build.0 = Release|Any CPU
		{BF82856A-D952-4456-A07A-0D23ED35D86A}.Debug|Any CPU.ActiveCfg = Debug|Any CPU
		{BF82856A-D952-4456-A07A-0D23ED35D86A}.Debug|Any CPU.Build.0 = Debug|Any CPU
		{BF82856A-D952-4456-A07A-0D23ED35D86A}.Release|Any CPU.ActiveCfg = Release|Any CPU
		{BF82856A-D952-4456-A07A-0D23ED35D86A}.Release|Any CPU.Build.0 = Release|Any CPU
		{2637C67C-0C69-4C7F-A917-803250D150DB}.Debug|Any CPU.ActiveCfg = Debug|Any CPU
		{2637C67C-0C69-4C7F-A917-803250D150DB}.Debug|Any CPU.Build.0 = Debug|Any CPU
		{2637C67C-0C69-4C7F-A917-803250D150DB}.Release|Any CPU.ActiveCfg = Release|Any CPU
		{2637C67C-0C69-4C7F-A917-803250D150DB}.Release|Any CPU.Build.0 = Release|Any CPU
	EndGlobalSection
	GlobalSection(SolutionProperties) = preSolution
		HideSolutionNode = FALSE
	EndGlobalSection
	GlobalSection(ExtensibilityGlobals) = postSolution
		SolutionGuid = {EFD03D66-D59D-45DC-BA3B-F7D08BC2D1DE}
	EndGlobalSection
EndGlobal
